
Microsoft Visual Studio Solution File, Format Version 12.00
# Visual Studio Version 16
VisualStudioVersion = 16.0.29123.88
MinimumVisualStudioVersion = 10.0.40219.1
Project("{FAE04EC0-301F-11D3-BF4B-00C04F79EFBC}") = "Cw1", "Cw1\Cw1.csproj", "{D2383359-CD19-47A1-A3E2-B2D4913888AC}"
EndProject
Global
	GlobalSection(SolutionConfigurationPlatforms) = preSolution
		Debug|Any CPU = Debug|Any CPU
		Release|Any CPU = Release|Any CPU
	EndGlobalSection
	GlobalSection(ProjectConfigurationPlatforms) = postSolution
		{D2383359-CD19-47A1-A3E2-B2D4913888AC}.Debug|Any CPU.ActiveCfg = Debug|Any CPU
		{D2383359-CD19-47A1-A3E2-B2D4913888AC}.Debug|Any CPU.Build.0 = Debug|Any CPU
		{D2383359-CD19-47A1-A3E2-B2D4913888AC}.Release|Any CPU.ActiveCfg = Release|Any CPU
		{D2383359-CD19-47A1-A3E2-B2D4913888AC}.Release|Any CPU.Build.0 = Release|Any CPU
	EndGlobalSection
	GlobalSection(SolutionProperties) = preSolution
		HideSolutionNode = FALSE
	EndGlobalSection
	GlobalSection(ExtensibilityGlobals) = postSolution
		SolutionGuid = {F5A05B89-3997-4723-9DD5-D086D63ADC6E}
	EndGlobalSection
EndGlobal
